<?xml version="1.0" encoding="utf-8"?>
<Project ToolsVersion="4.0" xmlns="http://schemas.microsoft.com/developer/msbuild/2003">
  <ItemGroup>
    <Filter Include="Source Files">
      <UniqueIdentifier>{4FC737F1-C7A5-4376-A066-2A32D752A2FF}</UniqueIdentifier>
      <Extensions>cpp;c;cc;cxx;def;odl;idl;hpj;bat;asm;asmx</Extensions>
    </Filter>
    <Filter Include="Header Files">
      <UniqueIdentifier>{93995380-89BD-4b04-88EB-625FBE52EBFB}</UniqueIdentifier>
      <Extensions>h;hpp;hxx;hm;inl;inc;xsd</Extensions>
    </Filter>
    <Filter Include="Resource Files">
      <UniqueIdentifier>{67DA6AB6-F800-4c08-8B7A-83BB121AAD01}</UniqueIdentifier>
      <Extensions>rc;ico;cur;bmp;dlg;rc2;rct;bin;rgs;gif;jpg;jpeg;jpe;resx;tiff;tif;png;wav;mfcribbon-ms</Extensions>
    </Filter>
    <Filter Include="Resource Files\Models">
      <UniqueIdentifier>{b2c9b5ad-c017-4f64-86f1-8fea7ff133bc}</UniqueIdentifier>
    </Filter>
    <Filter Include="Resource Files\Shaders">
      <UniqueIdentifier>{6217175f-ac70-4b23-8d04-9c9c4daa944b}</UniqueIdentifier>
    </Filter>
    <Filter Include="Resource Files\Texture">
      <UniqueIdentifier>{74bb480f-e81f-46fa-924a-e13e80ce0a21}</UniqueIdentifier>
    </Filter>
    <Filter Include="Header Files\Audio / FMOD">
      <UniqueIdentifier>{8eb0b009-0168-414d-a4e9-61456b80240c}</UniqueIdentifier>
    </Filter>
    <Filter Include="Header Files\Objects">
      <UniqueIdentifier>{97f5a217-b0de-42be-af24-2b49b32aa17b}</UniqueIdentifier>
    </Filter>
    <Filter Include="Header Files\Game">
      <UniqueIdentifier>{8375c040-ba93-477f-b4d2-93ec4bbf1f92}</UniqueIdentifier>
    </Filter>
    <Filter Include="Header Files\Menu">
      <UniqueIdentifier>{c57b88ff-0d35-434c-9cf9-8b7c2de8a1d6}</UniqueIdentifier>
    </Filter>
    <Filter Include="Source Files\Game">
      <UniqueIdentifier>{2f02b645-42bc-4562-a0c8-fed92e681bb1}</UniqueIdentifier>
    </Filter>
    <Filter Include="Source Files\Audio / FMOD">
      <UniqueIdentifier>{6543567d-0fc2-43de-a225-2f93cc250e91}</UniqueIdentifier>
    </Filter>
    <Filter Include="Source Files\Menu">
      <UniqueIdentifier>{afcb37eb-7b23-4622-843c-d1d76f206c41}</UniqueIdentifier>
    </Filter>
    <Filter Include="Source Files\Objects">
      <UniqueIdentifier>{9c175aff-ff4b-44d0-b45f-9b0203902a1e}</UniqueIdentifier>
    </Filter>
    <Filter Include="Source Files\Devices">
      <UniqueIdentifier>{a2b5c8bd-e41f-4b53-bcbf-90f8543488bd}</UniqueIdentifier>
    </Filter>
    <Filter Include="Header Files\Devices">
      <UniqueIdentifier>{e07fdf1f-22ef-4582-be9a-76402131e0d7}</UniqueIdentifier>
    </Filter>
    <Filter Include="Source Files\Objects\Board">
      <UniqueIdentifier>{b5ebe8a8-689d-4908-be57-a92bd71663b7}</UniqueIdentifier>
    </Filter>
  </ItemGroup>
  <ItemGroup>
    <ClCompile Include="winMain.cpp">
      <Filter>Source Files</Filter>
    </ClCompile>
    <ClCompile Include="DirectXFramework.cpp">
      <Filter>Source Files\Game</Filter>
    </ClCompile>
    <ClCompile Include="Mesh.cpp">
      <Filter>Source Files\Game</Filter>
    </ClCompile>
    <ClCompile Include="HavokCore.cpp">
      <Filter>Source Files\Game</Filter>
    </ClCompile>
    <ClCompile Include="BoardManager.cpp">
      <Filter>Source Files\Objects\Board</Filter>
    </ClCompile>
    <ClCompile Include="Space.cpp">
      <Filter>Source Files</Filter>
    </ClCompile>
  </ItemGroup>
  <ItemGroup>
    <ClInclude Include="DirectXFramework.h">
      <Filter>Header Files\Game</Filter>
    </ClInclude>
    <ClInclude Include="Mesh.h">
      <Filter>Header Files\Game</Filter>
    </ClInclude>
    <ClInclude Include="HavokCore.h">
      <Filter>Header Files\Game</Filter>
    </ClInclude>
    <ClInclude Include="BoardManager.h">
      <Filter>Header Files</Filter>
    </ClInclude>
    <ClInclude Include="Space.h">
      <Filter>Header Files</Filter>
    </ClInclude>
  </ItemGroup>
  <ItemGroup>
    <None Include="defaulteffect.fx">
      <Filter>Resource Files\Shaders</Filter>
    </None>
  </ItemGroup>
</Project>